
Microsoft Visual Studio Solution File, Format Version 12.00
# Visual Studio Version 17
VisualStudioVersion = 17.5.33530.505
MinimumVisualStudioVersion = 10.0.40219.1
Project("{FAE04EC0-301F-11D3-BF4B-00C04F79EFBC}") = "WebApplication1", "WebApplication1\WebApplication1.csproj", "{20047269-E615-4D0E-BD90-7CDA8A856742}"
EndProject
Global
	GlobalSection(SolutionConfigurationPlatforms) = preSolution
		Debug|Any CPU = Debug|Any CPU
		Release|Any CPU = Release|Any CPU
	EndGlobalSection
	GlobalSection(ProjectConfigurationPlatforms) = postSolution
		{20047269-E615-4D0E-BD90-7CDA8A856742}.Debug|Any CPU.ActiveCfg = Debug|Any CPU
		{20047269-E615-4D0E-BD90-7CDA8A856742}.Debug|Any CPU.Build.0 = Debug|Any CPU
		{20047269-E615-4D0E-BD90-7CDA8A856742}.Release|Any CPU.ActiveCfg = Release|Any CPU
		{20047269-E615-4D0E-BD90-7CDA8A856742}.Release|Any CPU.Build.0 = Release|Any CPU
	EndGlobalSection
	GlobalSection(SolutionProperties) = preSolution
		HideSolutionNode = FALSE
	EndGlobalSection
	GlobalSection(ExtensibilityGlobals) = postSolution
		SolutionGuid = {D1C68A97-5688-40F0-8C91-65208874C36B}
	EndGlobalSection
EndGlobal
